
Microsoft Visual Studio Solution File, Format Version 12.00
# Visual Studio Version 17
VisualStudioVersion = 17.11.35222.181
MinimumVisualStudioVersion = 10.0.40219.1
Project("{9A19103F-16F7-4668-BE54-9A1E7A4F7556}") = "NetlistEditor", "NetlistEditor\NetlistEditor\NetlistEditor.csproj", "{6BC114DB-F549-43C3-8C75-F9821F397F5B}"
EndProject
Project("{FAE04EC0-301F-11D3-BF4B-00C04F79EFBC}") = "Spice.Controls.Raw", "Spice.Controls.Raw\Spice.Controls.Raw.csproj", "{8D03C9FF-06C0-46AE-BC57-40DC3D4D1752}"
EndProject
Project("{FAE04EC0-301F-11D3-BF4B-00C04F79EFBC}") = "Spice.Controls.Core", "Spice.Controls.Core\Spice.Controls.Core.csproj", "{149A2007-E9A4-47DE-87A1-46952A80CDEB}"
EndProject
Project("{FAE04EC0-301F-11D3-BF4B-00C04F79EFBC}") = "Spice.Controls.Netlist", "Spice.Controls.Netlist\Spice.Controls.Netlist.csproj", "{72879E8A-7099-4EFE-AF94-7993115BAB52}"
EndProject
Project("{FAE04EC0-301F-11D3-BF4B-00C04F79EFBC}") = "Spice.Controls.TestConsole", "Spice.Controls.TestConsole\Spice.Controls.TestConsole.csproj", "{EACE8FCE-A10E-4A93-8AA5-5FB3329C191A}"
EndProject
Project("{FAE04EC0-301F-11D3-BF4B-00C04F79EFBC}") = "Spice.Controls.Raw.Tests", "Spice.Controls.Raw.Tests\Spice.Controls.Raw.Tests.csproj", "{DEBD271F-9951-4BA6-8902-3725014504DB}"
EndProject
Global
	GlobalSection(SolutionConfigurationPlatforms) = preSolution
		Debug|Any CPU = Debug|Any CPU
		Debug|x64 = Debug|x64
		Release|Any CPU = Release|Any CPU
		Release|x64 = Release|x64
	EndGlobalSection
	GlobalSection(ProjectConfigurationPlatforms) = postSolution
		{6BC114DB-F549-43C3-8C75-F9821F397F5B}.Debug|Any CPU.ActiveCfg = Debug|Any CPU
		{6BC114DB-F549-43C3-8C75-F9821F397F5B}.Debug|Any CPU.Build.0 = Debug|Any CPU
		{6BC114DB-F549-43C3-8C75-F9821F397F5B}.Debug|x64.ActiveCfg = Debug|x64
		{6BC114DB-F549-43C3-8C75-F9821F397F5B}.Debug|x64.Build.0 = Debug|x64
		{6BC114DB-F549-43C3-8C75-F9821F397F5B}.Release|Any CPU.ActiveCfg = Release|Any CPU
		{6BC114DB-F549-43C3-8C75-F9821F397F5B}.Release|Any CPU.Build.0 = Release|Any CPU
		{6BC114DB-F549-43C3-8C75-F9821F397F5B}.Release|x64.ActiveCfg = Release|x64
		{6BC114DB-F549-43C3-8C75-F9821F397F5B}.Release|x64.Build.0 = Release|x64
		{8D03C9FF-06C0-46AE-BC57-40DC3D4D1752}.Debug|Any CPU.ActiveCfg = Debug|Any CPU
		{8D03C9FF-06C0-46AE-BC57-40DC3D4D1752}.Debug|Any CPU.Build.0 = Debug|Any CPU
		{8D03C9FF-06C0-46AE-BC57-40DC3D4D1752}.Debug|x64.ActiveCfg = Debug|Any CPU
		{8D03C9FF-06C0-46AE-BC57-40DC3D4D1752}.Debug|x64.Build.0 = Debug|Any CPU
		{8D03C9FF-06C0-46AE-BC57-40DC3D4D1752}.Release|Any CPU.ActiveCfg = Release|Any CPU
		{8D03C9FF-06C0-46AE-BC57-40DC3D4D1752}.Release|Any CPU.Build.0 = Release|Any CPU
		{8D03C9FF-06C0-46AE-BC57-40DC3D4D1752}.Release|x64.ActiveCfg = Release|Any CPU
		{8D03C9FF-06C0-46AE-BC57-40DC3D4D1752}.Release|x64.Build.0 = Release|Any CPU
		{149A2007-E9A4-47DE-87A1-46952A80CDEB}.Debug|Any CPU.ActiveCfg = Debug|Any CPU
		{149A2007-E9A4-47DE-87A1-46952A80CDEB}.Debug|Any CPU.Build.0 = Debug|Any CPU
		{149A2007-E9A4-47DE-87A1-46952A80CDEB}.Debug|x64.ActiveCfg = Debug|Any CPU
		{149A2007-E9A4-47DE-87A1-46952A80CDEB}.Debug|x64.Build.0 = Debug|Any CPU
		{149A2007-E9A4-47DE-87A1-46952A80CDEB}.Release|Any CPU.ActiveCfg = Release|Any CPU
		{149A2007-E9A4-47DE-87A1-46952A80CDEB}.Release|Any CPU.Build.0 = Release|Any CPU
		{149A2007-E9A4-47DE-87A1-46952A80CDEB}.Release|x64.ActiveCfg = Release|Any CPU
		{149A2007-E9A4-47DE-87A1-46952A80CDEB}.Release|x64.Build.0 = Release|Any CPU
		{72879E8A-7099-4EFE-AF94-7993115BAB52}.Debug|Any CPU.ActiveCfg = Debug|Any CPU
		{72879E8A-7099-4EFE-AF94-7993115BAB52}.Debug|Any CPU.Build.0 = Debug|Any CPU
		{72879E8A-7099-4EFE-AF94-7993115BAB52}.Debug|x64.ActiveCfg = Debug|Any CPU
		{72879E8A-7099-4EFE-AF94-7993115BAB52}.Debug|x64.Build.0 = Debug|Any CPU
		{72879E8A-7099-4EFE-AF94-7993115BAB52}.Release|Any CPU.ActiveCfg = Release|Any CPU
		{72879E8A-7099-4EFE-AF94-7993115BAB52}.Release|Any CPU.Build.0 = Release|Any CPU
		{72879E8A-7099-4EFE-AF94-7993115BAB52}.Release|x64.ActiveCfg = Release|Any CPU
		{72879E8A-7099-4EFE-AF94-7993115BAB52}.Release|x64.Build.0 = Release|Any CPU
		{EACE8FCE-A10E-4A93-8AA5-5FB3329C191A}.Debug|Any CPU.ActiveCfg = Debug|Any CPU
		{EACE8FCE-A10E-4A93-8AA5-5FB3329C191A}.Debug|Any CPU.Build.0 = Debug|Any CPU
		{EACE8FCE-A10E-4A93-8AA5-5FB3329C191A}.Debug|x64.ActiveCfg = Debug|Any CPU
		{EACE8FCE-A10E-4A93-8AA5-5FB3329C191A}.Debug|x64.Build.0 = Debug|Any CPU
		{EACE8FCE-A10E-4A93-8AA5-5FB3329C191A}.Release|Any CPU.ActiveCfg = Release|Any CPU
		{EACE8FCE-A10E-4A93-8AA5-5FB3329C191A}.Release|Any CPU.Build.0 = Release|Any CPU
		{EACE8FCE-A10E-4A93-8AA5-5FB3329C191A}.Release|x64.ActiveCfg = Release|Any CPU
		{EACE8FCE-A10E-4A93-8AA5-5FB3329C191A}.Release|x64.Build.0 = Release|Any CPU
		{DEBD271F-9951-4BA6-8902-3725014504DB}.Debug|Any CPU.ActiveCfg = Debug|Any CPU
		{DEBD271F-9951-4BA6-8902-3725014504DB}.Debug|Any CPU.Build.0 = Debug|Any CPU
		{DEBD271F-9951-4BA6-8902-3725014504DB}.Debug|x64.ActiveCfg = Debug|Any CPU
		{DEBD271F-9951-4BA6-8902-3725014504DB}.Debug|x64.Build.0 = Debug|Any CPU
		{DEBD271F-9951-4BA6-8902-3725014504DB}.Release|Any CPU.ActiveCfg = Release|Any CPU
		{DEBD271F-9951-4BA6-8902-3725014504DB}.Release|Any CPU.Build.0 = Release|Any CPU
		{DEBD271F-9951-4BA6-8902-3725014504DB}.Release|x64.ActiveCfg = Release|Any CPU
		{DEBD271F-9951-4BA6-8902-3725014504DB}.Release|x64.Build.0 = Release|Any CPU
	EndGlobalSection
	GlobalSection(SolutionProperties) = preSolution
		HideSolutionNode = FALSE
	EndGlobalSection
	GlobalSection(ExtensibilityGlobals) = postSolution
		SolutionGuid = {D42F3F46-6568-4674-A70B-E83FFB2CB00A}
	EndGlobalSection
EndGlobal
